
Microsoft Visual Studio Solution File, Format Version 12.00
# Visual Studio Version 16
VisualStudioVersion = 25.0.1700.0
MinimumVisualStudioVersion = 10.0.40219.1
Project("{FAE04EC0-301F-11D3-BF4B-00C04F79EFBC}") = "ClassStarter", "ClassStarter\ClassStarter.csproj", "{313ACAAB-8102-4C94-86C7-6A5CC34476CA}"
EndProject
Global
	GlobalSection(SolutionConfigurationPlatforms) = preSolution
		Debug|Any CPU = Debug|Any CPU
		Release|Any CPU = Release|Any CPU
	EndGlobalSection
	GlobalSection(ProjectConfigurationPlatforms) = postSolution
		{313ACAAB-8102-4C94-86C7-6A5CC34476CA}.Debug|Any CPU.ActiveCfg = Debug|Any CPU
		{313ACAAB-8102-4C94-86C7-6A5CC34476CA}.Debug|Any CPU.Build.0 = Debug|Any CPU
		{313ACAAB-8102-4C94-86C7-6A5CC34476CA}.Release|Any CPU.ActiveCfg = Release|Any CPU
		{313ACAAB-8102-4C94-86C7-6A5CC34476CA}.Release|Any CPU.Build.0 = Release|Any CPU
	EndGlobalSection
	GlobalSection(SolutionProperties) = preSolution
		HideSolutionNode = FALSE
	EndGlobalSection
	GlobalSection(ExtensibilityGlobals) = postSolution
		SolutionGuid = {731CA8CF-2E94-47B7-8E15-765E8C6581ED}
	EndGlobalSection
EndGlobal
